
Microsoft Visual Studio Solution File, Format Version 10.00
# Visual Studio 2008
Project("{FAE04EC0-301F-11D3-BF4B-00C04F79EFBC}") = "remote_desk_c", "remote_desk_c.csproj", "{F25BA0CC-7F52-4D00-ABE3-E95CE161823C}"
EndProject
Global
	GlobalSection(SolutionConfigurationPlatforms) = preSolution
		Debug|Any CPU = Debug|Any CPU
		Release|Any CPU = Release|Any CPU
	EndGlobalSection
	GlobalSection(ProjectConfigurationPlatforms) = postSolution
		{F25BA0CC-7F52-4D00-ABE3-E95CE161823C}.Debug|Any CPU.ActiveCfg = Debug|Any CPU
		{F25BA0CC-7F52-4D00-ABE3-E95CE161823C}.Debug|Any CPU.Build.0 = Debug|Any CPU
		{F25BA0CC-7F52-4D00-ABE3-E95CE161823C}.Release|Any CPU.ActiveCfg = Release|Any CPU
		{F25BA0CC-7F52-4D00-ABE3-E95CE161823C}.Release|Any CPU.Build.0 = Release|Any CPU
	EndGlobalSection
	GlobalSection(SolutionProperties) = preSolution
		HideSolutionNode = FALSE
	EndGlobalSection
EndGlobal
