
Microsoft Visual Studio Solution File, Format Version 12.00
# Visual Studio 2013
VisualStudioVersion = 12.0.30501.0
MinimumVisualStudioVersion = 10.0.40219.1
Project("{FAE04EC0-301F-11D3-BF4B-00C04F79EFBC}") = "PaintShortCut", "PaintShortCut.csproj", "{354EEEFE-5B0E-4B0C-AD88-3F6BE60A1DAE}"
EndProject
Global
	GlobalSection(SolutionConfigurationPlatforms) = preSolution
		Debug|Any CPU = Debug|Any CPU
		Release|Any CPU = Release|Any CPU
	EndGlobalSection
	GlobalSection(ProjectConfigurationPlatforms) = postSolution
		{354EEEFE-5B0E-4B0C-AD88-3F6BE60A1DAE}.Debug|Any CPU.ActiveCfg = Debug|Any CPU
		{354EEEFE-5B0E-4B0C-AD88-3F6BE60A1DAE}.Debug|Any CPU.Build.0 = Debug|Any CPU
		{354EEEFE-5B0E-4B0C-AD88-3F6BE60A1DAE}.Release|Any CPU.ActiveCfg = Release|Any CPU
		{354EEEFE-5B0E-4B0C-AD88-3F6BE60A1DAE}.Release|Any CPU.Build.0 = Release|Any CPU
	EndGlobalSection
	GlobalSection(SolutionProperties) = preSolution
		HideSolutionNode = FALSE
	EndGlobalSection
EndGlobal
