
Microsoft Visual Studio Solution File, Format Version 10.00
# Visual Studio 2008
Project("{FAE04EC0-301F-11D3-BF4B-00C04F79EFBC}") = "MachineDaemon", "MachineDaemon.csproj", "{A849D4F6-CAAA-4060-96A7-E5E67361DED2}"
EndProject
Global
	GlobalSection(SolutionConfigurationPlatforms) = preSolution
		Debug|Any CPU = Debug|Any CPU
		Release|Any CPU = Release|Any CPU
	EndGlobalSection
	GlobalSection(ProjectConfigurationPlatforms) = postSolution
		{A849D4F6-CAAA-4060-96A7-E5E67361DED2}.Debug|Any CPU.ActiveCfg = Debug|Any CPU
		{A849D4F6-CAAA-4060-96A7-E5E67361DED2}.Debug|Any CPU.Build.0 = Debug|Any CPU
		{A849D4F6-CAAA-4060-96A7-E5E67361DED2}.Release|Any CPU.ActiveCfg = Release|Any CPU
		{A849D4F6-CAAA-4060-96A7-E5E67361DED2}.Release|Any CPU.Build.0 = Release|Any CPU
	EndGlobalSection
	GlobalSection(SolutionProperties) = preSolution
		HideSolutionNode = FALSE
	EndGlobalSection
EndGlobal
