
Microsoft Visual Studio Solution File, Format Version 10.00
# Visual Studio 2008
Project("{FAE04EC0-301F-11D3-BF4B-00C04F79EFBC}") = "pipe_c", "pipe_c.csproj", "{493F7EAE-548D-4F3E-A603-5A69049BDEAA}"
EndProject
Global
	GlobalSection(SolutionConfigurationPlatforms) = preSolution
		Debug|Any CPU = Debug|Any CPU
		Release|Any CPU = Release|Any CPU
	EndGlobalSection
	GlobalSection(ProjectConfigurationPlatforms) = postSolution
		{493F7EAE-548D-4F3E-A603-5A69049BDEAA}.Debug|Any CPU.ActiveCfg = Debug|Any CPU
		{493F7EAE-548D-4F3E-A603-5A69049BDEAA}.Debug|Any CPU.Build.0 = Debug|Any CPU
		{493F7EAE-548D-4F3E-A603-5A69049BDEAA}.Release|Any CPU.ActiveCfg = Release|Any CPU
		{493F7EAE-548D-4F3E-A603-5A69049BDEAA}.Release|Any CPU.Build.0 = Release|Any CPU
	EndGlobalSection
	GlobalSection(SolutionProperties) = preSolution
		HideSolutionNode = FALSE
	EndGlobalSection
EndGlobal
