
Microsoft Visual Studio Solution File, Format Version 9.00
# Visual Studio 2005
Project("{FAE04EC0-301F-11D3-BF4B-00C04F79EFBC}") = "w_send", "w_send.csproj", "{32FAD068-F266-452B-83C1-852B6E102DDF}"
EndProject
Global
	GlobalSection(SolutionConfigurationPlatforms) = preSolution
		Debug|Any CPU = Debug|Any CPU
		Release|Any CPU = Release|Any CPU
	EndGlobalSection
	GlobalSection(ProjectConfigurationPlatforms) = postSolution
		{32FAD068-F266-452B-83C1-852B6E102DDF}.Debug|Any CPU.ActiveCfg = Debug|Any CPU
		{32FAD068-F266-452B-83C1-852B6E102DDF}.Debug|Any CPU.Build.0 = Debug|Any CPU
		{32FAD068-F266-452B-83C1-852B6E102DDF}.Release|Any CPU.ActiveCfg = Release|Any CPU
		{32FAD068-F266-452B-83C1-852B6E102DDF}.Release|Any CPU.Build.0 = Release|Any CPU
	EndGlobalSection
	GlobalSection(SolutionProperties) = preSolution
		HideSolutionNode = FALSE
	EndGlobalSection
EndGlobal
